
Microsoft Visual Studio Solution File, Format Version 12.00
# Visual Studio Version 17
VisualStudioVersion = 17.13.35825.156 d17.13
MinimumVisualStudioVersion = 10.0.40219.1
Project("{FAE04EC0-301F-11D3-BF4B-00C04F79EFBC}") = "SistemaIventarioV8", "SistemaIventarioV8\SistemaIventarioV8.csproj", "{A757E8C3-73E2-42C9-B249-17B62FC84F21}"
EndProject
Global
	GlobalSection(SolutionConfigurationPlatforms) = preSolution
		Debug|Any CPU = Debug|Any CPU
		Release|Any CPU = Release|Any CPU
	EndGlobalSection
	GlobalSection(ProjectConfigurationPlatforms) = postSolution
		{A757E8C3-73E2-42C9-B249-17B62FC84F21}.Debug|Any CPU.ActiveCfg = Debug|Any CPU
		{A757E8C3-73E2-42C9-B249-17B62FC84F21}.Debug|Any CPU.Build.0 = Debug|Any CPU
		{A757E8C3-73E2-42C9-B249-17B62FC84F21}.Release|Any CPU.ActiveCfg = Release|Any CPU
		{A757E8C3-73E2-42C9-B249-17B62FC84F21}.Release|Any CPU.Build.0 = Release|Any CPU
	EndGlobalSection
	GlobalSection(SolutionProperties) = preSolution
		HideSolutionNode = FALSE
	EndGlobalSection
	GlobalSection(ExtensibilityGlobals) = postSolution
		SolutionGuid = {CFF43D99-0FD3-46EC-B20B-BCF56AFC1483}
	EndGlobalSection
EndGlobal
